// !$*UTF8*$!
{
	archiveVersion = 1;
	classes = {
	};
	objectVersion = 55;
	objects = {

/* Begin PBXBuildFile section */
		500F41362780826500C6BC9B /* SettingsView.swift in Sources */ = {isa = PBXBuildFile; fileRef = 500F41352780826500C6BC9B /* SettingsView.swift */; };
		5051A4692780C02700614C85 /* YabaiClient.swift in Sources */ = {isa = PBXBuildFile; fileRef = 5051A4682780C02700614C85 /* YabaiClient.swift */; };
		5051A46B2780DC9B00614C85 /* defaults.plist in Resources */ = {isa = PBXBuildFile; fileRef = 5051A46A2780DC9B00614C85 /* defaults.plist */; };
		5061206C2779212000E8F192 /* YabaiIndicatorApp.swift in Sources */ = {isa = PBXBuildFile; fileRef = 5061206B2779212000E8F192 /* YabaiIndicatorApp.swift */; };
		5061206E2779212000E8F192 /* ContentView.swift in Sources */ = {isa = PBXBuildFile; fileRef = 5061206D2779212000E8F192 /* ContentView.swift */; };
		506120702779212200E8F192 /* Assets.xcassets in Resources */ = {isa = PBXBuildFile; fileRef = 5061206F2779212200E8F192 /* Assets.xcassets */; };
		506120732779212200E8F192 /* Preview Assets.xcassets in Resources */ = {isa = PBXBuildFile; fileRef = 506120722779212200E8F192 /* Preview Assets.xcassets */; };
		5061207E2779212300E8F192 /* YabaiIndicatorTests.swift in Sources */ = {isa = PBXBuildFile; fileRef = 5061207D2779212300E8F192 /* YabaiIndicatorTests.swift */; };
		506120882779212300E8F192 /* YabaiIndicatorUITests.swift in Sources */ = {isa = PBXBuildFile; fileRef = 506120872779212300E8F192 /* YabaiIndicatorUITests.swift */; };
		5061208A2779212300E8F192 /* YabaiIndicatorUITestsLaunchTests.swift in Sources */ = {isa = PBXBuildFile; fileRef = 506120892779212300E8F192 /* YabaiIndicatorUITestsLaunchTests.swift */; };
		506120982779239B00E8F192 /* YabaiAppDelegate.swift in Sources */ = {isa = PBXBuildFile; fileRef = 506120972779239B00E8F192 /* YabaiAppDelegate.swift */; };
		5061209B277929A300E8F192 /* SkyLight.framework in Frameworks */ = {isa = PBXBuildFile; fileRef = 5061209A277929A200E8F192 /* SkyLight.framework */; };
		506120A4277A1A6F00E8F192 /* CoreGraphics.framework in Frameworks */ = {isa = PBXBuildFile; fileRef = 506120A2277A1A6C00E8F192 /* CoreGraphics.framework */; platformFilter = maccatalyst; };
		506120A8277A1A8800E8F192 /* CoreServices.framework in Frameworks */ = {isa = PBXBuildFile; fileRef = 506120A6277A1A8500E8F192 /* CoreServices.framework */; platformFilter = maccatalyst; };
		506120AC277A1A9500E8F192 /* Cocoa.framework in Frameworks */ = {isa = PBXBuildFile; fileRef = 506120AA277A1A9300E8F192 /* Cocoa.framework */; };
		506120AF277A7BF800E8F192 /* SpacesModel.swift in Sources */ = {isa = PBXBuildFile; fileRef = 506120AE277A7BF800E8F192 /* SpacesModel.swift */; };
		506120B4277B44B200E8F192 /* Socket in Frameworks */ = {isa = PBXBuildFile; productRef = 506120B3277B44B200E8F192 /* Socket */; };
		5086FE7F2782006D00E51F61 /* SocketClient.c in Sources */ = {isa = PBXBuildFile; fileRef = 5086FE7E2782006C00E51F61 /* SocketClient.c */; };
		5086FE842783026C00E51F61 /* ButtonStyle.swift in Sources */ = {isa = PBXBuildFile; fileRef = 5086FE832783026C00E51F61 /* ButtonStyle.swift */; };
		5086FE87278303EE00E51F61 /* NativeClient.swift in Sources */ = {isa = PBXBuildFile; fileRef = 5086FE86278303EE00E51F61 /* NativeClient.swift */; };
		5086FE892783598E00E51F61 /* SpaceType.swift in Sources */ = {isa = PBXBuildFile; fileRef = 5086FE882783598E00E51F61 /* SpaceType.swift */; };
		50DF24C7277BD18700DF1906 /* ImageGenerator.swift in Sources */ = {isa = PBXBuildFile; fileRef = 50DF24C6277BD18700DF1906 /* ImageGenerator.swift */; };
/* End PBXBuildFile section */

/* Begin PBXContainerItemProxy section */
		5061207A2779212200E8F192 /* PBXContainerItemProxy */ = {
			isa = PBXContainerItemProxy;
			containerPortal = 506120602779212000E8F192 /* Project object */;
			proxyType = 1;
			remoteGlobalIDString = 506120672779212000E8F192;
			remoteInfo = YabaiIndicator;
		};
		506120842779212300E8F192 /* PBXContainerItemProxy */ = {
			isa = PBXContainerItemProxy;
			containerPortal = 506120602779212000E8F192 /* Project object */;
			proxyType = 1;
			remoteGlobalIDString = 506120672779212000E8F192;
			remoteInfo = YabaiIndicator;
		};
/* End PBXContainerItemProxy section */

/* Begin PBXFileReference section */
		500F41352780826500C6BC9B /* SettingsView.swift */ = {isa = PBXFileReference; lastKnownFileType = sourcecode.swift; path = SettingsView.swift; sourceTree = "<group>"; };
		5051A4682780C02700614C85 /* YabaiClient.swift */ = {isa = PBXFileReference; lastKnownFileType = sourcecode.swift; path = YabaiClient.swift; sourceTree = "<group>"; };
		5051A46A2780DC9B00614C85 /* defaults.plist */ = {isa = PBXFileReference; lastKnownFileType = text.plist.xml; path = defaults.plist; sourceTree = "<group>"; };
		506120682779212000E8F192 /* YabaiIndicator.app */ = {isa = PBXFileReference; explicitFileType = wrapper.application; includeInIndex = 0; path = YabaiIndicator.app; sourceTree = BUILT_PRODUCTS_DIR; };
		5061206B2779212000E8F192 /* YabaiIndicatorApp.swift */ = {isa = PBXFileReference; lastKnownFileType = sourcecode.swift; path = YabaiIndicatorApp.swift; sourceTree = "<group>"; };
		5061206D2779212000E8F192 /* ContentView.swift */ = {isa = PBXFileReference; lastKnownFileType = sourcecode.swift; path = ContentView.swift; sourceTree = "<group>"; };
		5061206F2779212200E8F192 /* Assets.xcassets */ = {isa = PBXFileReference; lastKnownFileType = folder.assetcatalog; path = Assets.xcassets; sourceTree = "<group>"; };
		506120722779212200E8F192 /* Preview Assets.xcassets */ = {isa = PBXFileReference; lastKnownFileType = folder.assetcatalog; path = "Preview Assets.xcassets"; sourceTree = "<group>"; };
		506120742779212200E8F192 /* YabaiIndicator.entitlements */ = {isa = PBXFileReference; lastKnownFileType = text.plist.entitlements; path = YabaiIndicator.entitlements; sourceTree = "<group>"; };
		506120792779212200E8F192 /* YabaiIndicatorTests.xctest */ = {isa = PBXFileReference; explicitFileType = wrapper.cfbundle; includeInIndex = 0; path = YabaiIndicatorTests.xctest; sourceTree = BUILT_PRODUCTS_DIR; };
		5061207D2779212300E8F192 /* YabaiIndicatorTests.swift */ = {isa = PBXFileReference; lastKnownFileType = sourcecode.swift; path = YabaiIndicatorTests.swift; sourceTree = "<group>"; };
		506120832779212300E8F192 /* YabaiIndicatorUITests.xctest */ = {isa = PBXFileReference; explicitFileType = wrapper.cfbundle; includeInIndex = 0; path = YabaiIndicatorUITests.xctest; sourceTree = BUILT_PRODUCTS_DIR; };
		506120872779212300E8F192 /* YabaiIndicatorUITests.swift */ = {isa = PBXFileReference; lastKnownFileType = sourcecode.swift; path = YabaiIndicatorUITests.swift; sourceTree = "<group>"; };
		506120892779212300E8F192 /* YabaiIndicatorUITestsLaunchTests.swift */ = {isa = PBXFileReference; lastKnownFileType = sourcecode.swift; path = YabaiIndicatorUITestsLaunchTests.swift; sourceTree = "<group>"; };
		506120962779231000E8F192 /* Info.plist */ = {isa = PBXFileReference; lastKnownFileType = text.plist; path = Info.plist; sourceTree = "<group>"; };
		506120972779239B00E8F192 /* YabaiAppDelegate.swift */ = {isa = PBXFileReference; lastKnownFileType = sourcecode.swift; path = YabaiAppDelegate.swift; sourceTree = "<group>"; };
		5061209A277929A200E8F192 /* SkyLight.framework */ = {isa = PBXFileReference; lastKnownFileType = wrapper.framework; name = SkyLight.framework; path = ../../../../System/Library/PrivateFrameworks/SkyLight.framework; sourceTree = "<group>"; };
		5061209E277A13C600E8F192 /* SkyLightConnector.h */ = {isa = PBXFileReference; lastKnownFileType = sourcecode.c.h; path = SkyLightConnector.h; sourceTree = "<group>"; };
		5061209F277A195C00E8F192 /* YabaiIndicator-Bridging-Header.h */ = {isa = PBXFileReference; lastKnownFileType = sourcecode.c.h; path = "YabaiIndicator-Bridging-Header.h"; sourceTree = "<group>"; };
		506120A2277A1A6C00E8F192 /* CoreGraphics.framework */ = {isa = PBXFileReference; lastKnownFileType = wrapper.framework; name = CoreGraphics.framework; path = System/Library/Frameworks/CoreGraphics.framework; sourceTree = SDKROOT; };
		506120A6277A1A8500E8F192 /* CoreServices.framework */ = {isa = PBXFileReference; lastKnownFileType = wrapper.framework; name = CoreServices.framework; path = System/Library/Frameworks/CoreServices.framework; sourceTree = SDKROOT; };
		506120AA277A1A9300E8F192 /* Cocoa.framework */ = {isa = PBXFileReference; lastKnownFileType = wrapper.framework; name = Cocoa.framework; path = System/Library/Frameworks/Cocoa.framework; sourceTree = SDKROOT; };
		506120AE277A7BF800E8F192 /* SpacesModel.swift */ = {isa = PBXFileReference; lastKnownFileType = sourcecode.swift; path = SpacesModel.swift; sourceTree = "<group>"; };
		506120B0277A8F5200E8F192 /* README.md */ = {isa = PBXFileReference; lastKnownFileType = net.daringfireball.markdown; path = README.md; sourceTree = "<group>"; };
		5086FE7D2782006C00E51F61 /* SocketClient.h */ = {isa = PBXFileReference; lastKnownFileType = sourcecode.c.h; path = SocketClient.h; sourceTree = "<group>"; };
		5086FE7E2782006C00E51F61 /* SocketClient.c */ = {isa = PBXFileReference; lastKnownFileType = sourcecode.c.c; path = SocketClient.c; sourceTree = "<group>"; };
		5086FE832783026C00E51F61 /* ButtonStyle.swift */ = {isa = PBXFileReference; lastKnownFileType = sourcecode.swift; path = ButtonStyle.swift; sourceTree = "<group>"; };
		5086FE86278303EE00E51F61 /* NativeClient.swift */ = {isa = PBXFileReference; lastKnownFileType = sourcecode.swift; path = NativeClient.swift; sourceTree = "<group>"; };
		5086FE882783598E00E51F61 /* SpaceType.swift */ = {isa = PBXFileReference; lastKnownFileType = sourcecode.swift; path = SpaceType.swift; sourceTree = "<group>"; };
		50DF24C6277BD18700DF1906 /* ImageGenerator.swift */ = {isa = PBXFileReference; lastKnownFileType = sourcecode.swift; path = ImageGenerator.swift; sourceTree = "<group>"; };
/* End PBXFileReference section */

/* Begin PBXFrameworksBuildPhase section */
		506120652779212000E8F192 /* Frameworks */ = {
			isa = PBXFrameworksBuildPhase;
			buildActionMask = 2147483647;
			files = (
				506120B4277B44B200E8F192 /* Socket in Frameworks */,
				506120AC277A1A9500E8F192 /* Cocoa.framework in Frameworks */,
				506120A4277A1A6F00E8F192 /* CoreGraphics.framework in Frameworks */,
				506120A8277A1A8800E8F192 /* CoreServices.framework in Frameworks */,
				5061209B277929A300E8F192 /* SkyLight.framework in Frameworks */,
			);
			runOnlyForDeploymentPostprocessing = 0;
		};
		506120762779212200E8F192 /* Frameworks */ = {
			isa = PBXFrameworksBuildPhase;
			buildActionMask = 2147483647;
			files = (
			);
			runOnlyForDeploymentPostprocessing = 0;
		};
		506120802779212300E8F192 /* Frameworks */ = {
			isa = PBXFrameworksBuildPhase;
			buildActionMask = 2147483647;
			files = (
			);
			runOnlyForDeploymentPostprocessing = 0;
		};
/* End PBXFrameworksBuildPhase section */

/* Begin PBXGroup section */
		5061205F2779212000E8F192 = {
			isa = PBXGroup;
			children = (
				506120B0277A8F5200E8F192 /* README.md */,
				5061206A2779212000E8F192 /* YabaiIndicator */,
				5061207C2779212200E8F192 /* YabaiIndicatorTests */,
				506120862779212300E8F192 /* YabaiIndicatorUITests */,
				506120692779212000E8F192 /* Products */,
				50612099277929A200E8F192 /* Frameworks */,
			);
			sourceTree = "<group>";
		};
		506120692779212000E8F192 /* Products */ = {
			isa = PBXGroup;
			children = (
				506120682779212000E8F192 /* YabaiIndicator.app */,
				506120792779212200E8F192 /* YabaiIndicatorTests.xctest */,
				506120832779212300E8F192 /* YabaiIndicatorUITests.xctest */,
			);
			name = Products;
			sourceTree = "<group>";
		};
		5061206A2779212000E8F192 /* YabaiIndicator */ = {
			isa = PBXGroup;
			children = (
				5086FE852783036900E51F61 /* Connectors */,
				5086FE822783024600E51F61 /* Models */,
				5051A46A2780DC9B00614C85 /* defaults.plist */,
				506120962779231000E8F192 /* Info.plist */,
				5061206B2779212000E8F192 /* YabaiIndicatorApp.swift */,
				5061206D2779212000E8F192 /* ContentView.swift */,
				50DF24C6277BD18700DF1906 /* ImageGenerator.swift */,
				5061206F2779212200E8F192 /* Assets.xcassets */,
				506120742779212200E8F192 /* YabaiIndicator.entitlements */,
				506120712779212200E8F192 /* Preview Content */,
				506120972779239B00E8F192 /* YabaiAppDelegate.swift */,
				5061209E277A13C600E8F192 /* SkyLightConnector.h */,
				5086FE7D2782006C00E51F61 /* SocketClient.h */,
				5086FE7E2782006C00E51F61 /* SocketClient.c */,
				5061209F277A195C00E8F192 /* YabaiIndicator-Bridging-Header.h */,
				500F41352780826500C6BC9B /* SettingsView.swift */,
			);
			path = YabaiIndicator;
			sourceTree = "<group>";
		};
		506120712779212200E8F192 /* Preview Content */ = {
			isa = PBXGroup;
			children = (
				506120722779212200E8F192 /* Preview Assets.xcassets */,
			);
			path = "Preview Content";
			sourceTree = "<group>";
		};
		5061207C2779212200E8F192 /* YabaiIndicatorTests */ = {
			isa = PBXGroup;
			children = (
				5061207D2779212300E8F192 /* YabaiIndicatorTests.swift */,
			);
			path = YabaiIndicatorTests;
			sourceTree = "<group>";
		};
		506120862779212300E8F192 /* YabaiIndicatorUITests */ = {
			isa = PBXGroup;
			children = (
				506120872779212300E8F192 /* YabaiIndicatorUITests.swift */,
				506120892779212300E8F192 /* YabaiIndicatorUITestsLaunchTests.swift */,
			);
			path = YabaiIndicatorUITests;
			sourceTree = "<group>";
		};
		50612099277929A200E8F192 /* Frameworks */ = {
			isa = PBXGroup;
			children = (
				506120AA277A1A9300E8F192 /* Cocoa.framework */,
				506120A6277A1A8500E8F192 /* CoreServices.framework */,
				506120A2277A1A6C00E8F192 /* CoreGraphics.framework */,
				5061209A277929A200E8F192 /* SkyLight.framework */,
			);
			name = Frameworks;
			sourceTree = "<group>";
		};
		5086FE822783024600E51F61 /* Models */ = {
			isa = PBXGroup;
			children = (
				506120AE277A7BF800E8F192 /* SpacesModel.swift */,
				5086FE832783026C00E51F61 /* ButtonStyle.swift */,
				5086FE882783598E00E51F61 /* SpaceType.swift */,
			);
			path = Models;
			sourceTree = "<group>";
		};
		5086FE852783036900E51F61 /* Connectors */ = {
			isa = PBXGroup;
			children = (
				5051A4682780C02700614C85 /* YabaiClient.swift */,
				5086FE86278303EE00E51F61 /* NativeClient.swift */,
			);
			path = Connectors;
			sourceTree = "<group>";
		};
/* End PBXGroup section */

/* Begin PBXNativeTarget section */
		506120672779212000E8F192 /* YabaiIndicator */ = {
			isa = PBXNativeTarget;
			buildConfigurationList = 5061208D2779212300E8F192 /* Build configuration list for PBXNativeTarget "YabaiIndicator" */;
			buildPhases = (
				506120642779212000E8F192 /* Sources */,
				506120652779212000E8F192 /* Frameworks */,
				506120662779212000E8F192 /* Resources */,
			);
			buildRules = (
			);
			dependencies = (
			);
			name = YabaiIndicator;
			packageProductDependencies = (
				506120B3277B44B200E8F192 /* Socket */,
			);
			productName = YabaiIndicator;
			productReference = 506120682779212000E8F192 /* YabaiIndicator.app */;
			productType = "com.apple.product-type.application";
		};
		506120782779212200E8F192 /* YabaiIndicatorTests */ = {
			isa = PBXNativeTarget;
			buildConfigurationList = 506120902779212300E8F192 /* Build configuration list for PBXNativeTarget "YabaiIndicatorTests" */;
			buildPhases = (
				506120752779212200E8F192 /* Sources */,
				506120762779212200E8F192 /* Frameworks */,
				506120772779212200E8F192 /* Resources */,
			);
			buildRules = (
			);
			dependencies = (
				5061207B2779212200E8F192 /* PBXTargetDependency */,
			);
			name = YabaiIndicatorTests;
			productName = YabaiIndicatorTests;
			productReference = 506120792779212200E8F192 /* YabaiIndicatorTests.xctest */;
			productType = "com.apple.product-type.bundle.unit-test";
		};
		506120822779212300E8F192 /* YabaiIndicatorUITests */ = {
			isa = PBXNativeTarget;
			buildConfigurationList = 506120932779212300E8F192 /* Build configuration list for PBXNativeTarget "YabaiIndicatorUITests" */;
			buildPhases = (
				5061207F2779212300E8F192 /* Sources */,
				506120802779212300E8F192 /* Frameworks */,
				506120812779212300E8F192 /* Resources */,
			);
			buildRules = (
			);
			dependencies = (
				506120852779212300E8F192 /* PBXTargetDependency */,
			);
			name = YabaiIndicatorUITests;
			productName = YabaiIndicatorUITests;
			productReference = 506120832779212300E8F192 /* YabaiIndicatorUITests.xctest */;
			productType = "com.apple.product-type.bundle.ui-testing";
		};
/* End PBXNativeTarget section */

/* Begin PBXProject section */
		506120602779212000E8F192 /* Project object */ = {
			isa = PBXProject;
			attributes = {
				BuildIndependentTargetsInParallel = 1;
				LastSwiftUpdateCheck = 1320;
				LastUpgradeCheck = 1320;
				TargetAttributes = {
					506120672779212000E8F192 = {
						CreatedOnToolsVersion = 13.2.1;
						LastSwiftMigration = 1320;
					};
					506120782779212200E8F192 = {
						CreatedOnToolsVersion = 13.2.1;
						TestTargetID = 506120672779212000E8F192;
					};
					506120822779212300E8F192 = {
						CreatedOnToolsVersion = 13.2.1;
						TestTargetID = 506120672779212000E8F192;
					};
				};
			};
			buildConfigurationList = 506120632779212000E8F192 /* Build configuration list for PBXProject "YabaiIndicator" */;
			compatibilityVersion = "Xcode 13.0";
			developmentRegion = en;
			hasScannedForEncodings = 0;
			knownRegions = (
				en,
				Base,
			);
			mainGroup = 5061205F2779212000E8F192;
			packageReferences = (
				506120B2277B44B200E8F192 /* XCRemoteSwiftPackageReference "BlueSocket" */,
			);
			productRefGroup = 506120692779212000E8F192 /* Products */;
			projectDirPath = "";
			projectRoot = "";
			targets = (
				506120672779212000E8F192 /* YabaiIndicator */,
				506120782779212200E8F192 /* YabaiIndicatorTests */,
				506120822779212300E8F192 /* YabaiIndicatorUITests */,
			);
		};
/* End PBXProject section */

/* Begin PBXResourcesBuildPhase section */
		506120662779212000E8F192 /* Resources */ = {
			isa = PBXResourcesBuildPhase;
			buildActionMask = 2147483647;
			files = (
				506120732779212200E8F192 /* Preview Assets.xcassets in Resources */,
				5051A46B2780DC9B00614C85 /* defaults.plist in Resources */,
				506120702779212200E8F192 /* Assets.xcassets in Resources */,
			);
			runOnlyForDeploymentPostprocessing = 0;
		};
		506120772779212200E8F192 /* Resources */ = {
			isa = PBXResourcesBuildPhase;
			buildActionMask = 2147483647;
			files = (
			);
			runOnlyForDeploymentPostprocessing = 0;
		};
		506120812779212300E8F192 /* Resources */ = {
			isa = PBXResourcesBuildPhase;
			buildActionMask = 2147483647;
			files = (
			);
			runOnlyForDeploymentPostprocessing = 0;
		};
/* End PBXResourcesBuildPhase section */

/* Begin PBXSourcesBuildPhase section */
		506120642779212000E8F192 /* Sources */ = {
			isa = PBXSourcesBuildPhase;
			buildActionMask = 2147483647;
			files = (
				506120AF277A7BF800E8F192 /* SpacesModel.swift in Sources */,
				5086FE87278303EE00E51F61 /* NativeClient.swift in Sources */,
				50DF24C7277BD18700DF1906 /* ImageGenerator.swift in Sources */,
				5086FE892783598E00E51F61 /* SpaceType.swift in Sources */,
				506120982779239B00E8F192 /* YabaiAppDelegate.swift in Sources */,
				500F41362780826500C6BC9B /* SettingsView.swift in Sources */,
				5061206E2779212000E8F192 /* ContentView.swift in Sources */,
				5061206C2779212000E8F192 /* YabaiIndicatorApp.swift in Sources */,
				5086FE842783026C00E51F61 /* ButtonStyle.swift in Sources */,
				5051A4692780C02700614C85 /* YabaiClient.swift in Sources */,
				5086FE7F2782006D00E51F61 /* SocketClient.c in Sources */,
			);
			runOnlyForDeploymentPostprocessing = 0;
		};
		506120752779212200E8F192 /* Sources */ = {
			isa = PBXSourcesBuildPhase;
			buildActionMask = 2147483647;
			files = (
				5061207E2779212300E8F192 /* YabaiIndicatorTests.swift in Sources */,
			);
			runOnlyForDeploymentPostprocessing = 0;
		};
		5061207F2779212300E8F192 /* Sources */ = {
			isa = PBXSourcesBuildPhase;
			buildActionMask = 2147483647;
			files = (
				506120882779212300E8F192 /* YabaiIndicatorUITests.swift in Sources */,
				5061208A2779212300E8F192 /* YabaiIndicatorUITestsLaunchTests.swift in Sources */,
			);
			runOnlyForDeploymentPostprocessing = 0;
		};
/* End PBXSourcesBuildPhase section */

/* Begin PBXTargetDependency section */
		5061207B2779212200E8F192 /* PBXTargetDependency */ = {
			isa = PBXTargetDependency;
			target = 506120672779212000E8F192 /* YabaiIndicator */;
			targetProxy = 5061207A2779212200E8F192 /* PBXContainerItemProxy */;
		};
		506120852779212300E8F192 /* PBXTargetDependency */ = {
			isa = PBXTargetDependency;
			target = 506120672779212000E8F192 /* YabaiIndicator */;
			targetProxy = 506120842779212300E8F192 /* PBXContainerItemProxy */;
		};
/* End PBXTargetDependency section */

/* Begin XCBuildConfiguration section */
		5061208B2779212300E8F192 /* Debug */ = {
			isa = XCBuildConfiguration;
			buildSettings = {
				ALWAYS_SEARCH_USER_PATHS = NO;
				CLANG_ANALYZER_NONNULL = YES;
				CLANG_ANALYZER_NUMBER_OBJECT_CONVERSION = YES_AGGRESSIVE;
				CLANG_CXX_LANGUAGE_STANDARD = "gnu++17";
				CLANG_CXX_LIBRARY = "libc++";
				CLANG_ENABLE_MODULES = YES;
				CLANG_ENABLE_OBJC_ARC = YES;
				CLANG_ENABLE_OBJC_WEAK = YES;
				CLANG_WARN_BLOCK_CAPTURE_AUTORELEASING = YES;
				CLANG_WARN_BOOL_CONVERSION = YES;
				CLANG_WARN_COMMA = YES;
				CLANG_WARN_CONSTANT_CONVERSION = YES;
				CLANG_WARN_DEPRECATED_OBJC_IMPLEMENTATIONS = YES;
				CLANG_WARN_DIRECT_OBJC_ISA_USAGE = YES_ERROR;
				CLANG_WARN_DOCUMENTATION_COMMENTS = YES;
				CLANG_WARN_EMPTY_BODY = YES;
				CLANG_WARN_ENUM_CONVERSION = YES;
				CLANG_WARN_INFINITE_RECURSION = YES;
				CLANG_WARN_INT_CONVERSION = YES;
				CLANG_WARN_NON_LITERAL_NULL_CONVERSION = YES;
				CLANG_WARN_OBJC_IMPLICIT_RETAIN_SELF = YES;
				CLANG_WARN_OBJC_LITERAL_CONVERSION = YES;
				CLANG_WARN_OBJC_ROOT_CLASS = YES_ERROR;
				CLANG_WARN_QUOTED_INCLUDE_IN_FRAMEWORK_HEADER = YES;
				CLANG_WARN_RANGE_LOOP_ANALYSIS = YES;
				CLANG_WARN_STRICT_PROTOTYPES = YES;
				CLANG_WARN_SUSPICIOUS_MOVE = YES;
				CLANG_WARN_UNGUARDED_AVAILABILITY = YES_AGGRESSIVE;
				CLANG_WARN_UNREACHABLE_CODE = YES;
				CLANG_WARN__DUPLICATE_METHOD_MATCH = YES;
				COPY_PHASE_STRIP = NO;
				DEBUG_INFORMATION_FORMAT = dwarf;
				ENABLE_STRICT_OBJC_MSGSEND = YES;
				ENABLE_TESTABILITY = YES;
				GCC_C_LANGUAGE_STANDARD = gnu11;
				GCC_DYNAMIC_NO_PIC = NO;
				GCC_NO_COMMON_BLOCKS = YES;
				GCC_OPTIMIZATION_LEVEL = 0;
				GCC_PREPROCESSOR_DEFINITIONS = (
					"DEBUG=1",
					"$(inherited)",
				);
				GCC_WARN_64_TO_32_BIT_CONVERSION = YES;
				GCC_WARN_ABOUT_RETURN_TYPE = YES_ERROR;
				GCC_WARN_UNDECLARED_SELECTOR = YES;
				GCC_WARN_UNINITIALIZED_AUTOS = YES_AGGRESSIVE;
				GCC_WARN_UNUSED_FUNCTION = YES;
				GCC_WARN_UNUSED_VARIABLE = YES;
				MACOSX_DEPLOYMENT_TARGET = 11.6;
				MTL_ENABLE_DEBUG_INFO = INCLUDE_SOURCE;
				MTL_FAST_MATH = YES;
				ONLY_ACTIVE_ARCH = YES;
				SDKROOT = macosx;
				SWIFT_ACTIVE_COMPILATION_CONDITIONS = DEBUG;
				SWIFT_OPTIMIZATION_LEVEL = "-Onone";
			};
			name = Debug;
		};
		5061208C2779212300E8F192 /* Release */ = {
			isa = XCBuildConfiguration;
			buildSettings = {
				ALWAYS_SEARCH_USER_PATHS = NO;
				CLANG_ANALYZER_NONNULL = YES;
				CLANG_ANALYZER_NUMBER_OBJECT_CONVERSION = YES_AGGRESSIVE;
				CLANG_CXX_LANGUAGE_STANDARD = "gnu++17";
				CLANG_CXX_LIBRARY = "libc++";
				CLANG_ENABLE_MODULES = YES;
				CLANG_ENABLE_OBJC_ARC = YES;
				CLANG_ENABLE_OBJC_WEAK = YES;
				CLANG_WARN_BLOCK_CAPTURE_AUTORELEASING = YES;
				CLANG_WARN_BOOL_CONVERSION = YES;
				CLANG_WARN_COMMA = YES;
				CLANG_WARN_CONSTANT_CONVERSION = YES;
				CLANG_WARN_DEPRECATED_OBJC_IMPLEMENTATIONS = YES;
				CLANG_WARN_DIRECT_OBJC_ISA_USAGE = YES_ERROR;
				CLANG_WARN_DOCUMENTATION_COMMENTS = YES;
				CLANG_WARN_EMPTY_BODY = YES;
				CLANG_WARN_ENUM_CONVERSION = YES;
				CLANG_WARN_INFINITE_RECURSION = YES;
				CLANG_WARN_INT_CONVERSION = YES;
				CLANG_WARN_NON_LITERAL_NULL_CONVERSION = YES;
				CLANG_WARN_OBJC_IMPLICIT_RETAIN_SELF = YES;
				CLANG_WARN_OBJC_LITERAL_CONVERSION = YES;
				CLANG_WARN_OBJC_ROOT_CLASS = YES_ERROR;
				CLANG_WARN_QUOTED_INCLUDE_IN_FRAMEWORK_HEADER = YES;
				CLANG_WARN_RANGE_LOOP_ANALYSIS = YES;
				CLANG_WARN_STRICT_PROTOTYPES = YES;
				CLANG_WARN_SUSPICIOUS_MOVE = YES;
				CLANG_WARN_UNGUARDED_AVAILABILITY = YES_AGGRESSIVE;
				CLANG_WARN_UNREACHABLE_CODE = YES;
				CLANG_WARN__DUPLICATE_METHOD_MATCH = YES;
				COPY_PHASE_STRIP = NO;
				DEBUG_INFORMATION_FORMAT = "dwarf-with-dsym";
				ENABLE_NS_ASSERTIONS = NO;
				ENABLE_STRICT_OBJC_MSGSEND = YES;
				GCC_C_LANGUAGE_STANDARD = gnu11;
				GCC_NO_COMMON_BLOCKS = YES;
				GCC_WARN_64_TO_32_BIT_CONVERSION = YES;
				GCC_WARN_ABOUT_RETURN_TYPE = YES_ERROR;
				GCC_WARN_UNDECLARED_SELECTOR = YES;
				GCC_WARN_UNINITIALIZED_AUTOS = YES_AGGRESSIVE;
				GCC_WARN_UNUSED_FUNCTION = YES;
				GCC_WARN_UNUSED_VARIABLE = YES;
				MACOSX_DEPLOYMENT_TARGET = 11.6;
				MTL_ENABLE_DEBUG_INFO = NO;
				MTL_FAST_MATH = YES;
				SDKROOT = macosx;
				SWIFT_COMPILATION_MODE = wholemodule;
				SWIFT_OPTIMIZATION_LEVEL = "-O";
			};
			name = Release;
		};
		5061208E2779212300E8F192 /* Debug */ = {
			isa = XCBuildConfiguration;
			buildSettings = {
				ASSETCATALOG_COMPILER_APPICON_NAME = AppIcon;
				ASSETCATALOG_COMPILER_GLOBAL_ACCENT_COLOR_NAME = AccentColor;
				CLANG_ENABLE_MODULES = YES;
				CODE_SIGN_ENTITLEMENTS = YabaiIndicator/YabaiIndicator.entitlements;
				CODE_SIGN_STYLE = Automatic;
				COMBINE_HIDPI_IMAGES = YES;
				CURRENT_PROJECT_VERSION = 1;
				DEVELOPMENT_ASSET_PATHS = "\"YabaiIndicator/Preview Content\"";
				DEVELOPMENT_TEAM = T3UD8QX5G4;
				ENABLE_HARDENED_RUNTIME = YES;
				ENABLE_PREVIEWS = YES;
				GENERATE_INFOPLIST_FILE = YES;
				INFOPLIST_FILE = YabaiIndicator/Info.plist;
				INFOPLIST_KEY_NSHumanReadableCopyright = "";
				LD_RUNPATH_SEARCH_PATHS = (
					"$(inherited)",
					"@executable_path/../Frameworks",
				);
				MARKETING_VERSION = 0.3.2;
				PRODUCT_BUNDLE_IDENTIFIER = de.arsbrevis.YabaiIndicator;
				PRODUCT_NAME = "$(TARGET_NAME)";
				SWIFT_EMIT_LOC_STRINGS = YES;
				SWIFT_OBJC_BRIDGING_HEADER = "YabaiIndicator/YabaiIndicator-Bridging-Header.h";
				SWIFT_OPTIMIZATION_LEVEL = "-Onone";
				SWIFT_VERSION = 5.0;
				SYSTEM_FRAMEWORK_SEARCH_PATHS = (
					"$(inherited)",
					"$(SYSTEM_LIBRARY_DIR)/PrivateFrameworks",
				);
			};
			name = Debug;
		};
		5061208F2779212300E8F192 /* Release */ = {
			isa = XCBuildConfiguration;
			buildSettings = {
				ASSETCATALOG_COMPILER_APPICON_NAME = AppIcon;
				ASSETCATALOG_COMPILER_GLOBAL_ACCENT_COLOR_NAME = AccentColor;
				CLANG_ENABLE_MODULES = YES;
				CODE_SIGN_ENTITLEMENTS = YabaiIndicator/YabaiIndicator.entitlements;
				CODE_SIGN_STYLE = Automatic;
				COMBINE_HIDPI_IMAGES = YES;
				CURRENT_PROJECT_VERSION = 1;
				DEVELOPMENT_ASSET_PATHS = "\"YabaiIndicator/Preview Content\"";
				DEVELOPMENT_TEAM = T3UD8QX5G4;
				ENABLE_HARDENED_RUNTIME = YES;
				ENABLE_PREVIEWS = YES;
				GENERATE_INFOPLIST_FILE = YES;
				INFOPLIST_FILE = YabaiIndicator/Info.plist;
				INFOPLIST_KEY_NSHumanReadableCopyright = "";
				LD_RUNPATH_SEARCH_PATHS = (
					"$(inherited)",
					"@executable_path/../Frameworks",
				);
				MARKETING_VERSION = 0.3.2;
				PRODUCT_BUNDLE_IDENTIFIER = de.arsbrevis.YabaiIndicator;
				PRODUCT_NAME = "$(TARGET_NAME)";
				SWIFT_EMIT_LOC_STRINGS = YES;
				SWIFT_OBJC_BRIDGING_HEADER = "YabaiIndicator/YabaiIndicator-Bridging-Header.h";
				SWIFT_VERSION = 5.0;
				SYSTEM_FRAMEWORK_SEARCH_PATHS = (
					"$(inherited)",
					"$(SYSTEM_LIBRARY_DIR)/PrivateFrameworks",
				);
			};
			name = Release;
		};
		506120912779212300E8F192 /* Debug */ = {
			isa = XCBuildConfiguration;
			buildSettings = {
				ALWAYS_EMBED_SWIFT_STANDARD_LIBRARIES = YES;
				BUNDLE_LOADER = "$(TEST_HOST)";
				CODE_SIGN_STYLE = Automatic;
				CURRENT_PROJECT_VERSION = 1;
				DEVELOPMENT_TEAM = T3UD8QX5G4;
				GENERATE_INFOPLIST_FILE = YES;
				MACOSX_DEPLOYMENT_TARGET = 11.6;
				MARKETING_VERSION = 1.0;
				PRODUCT_BUNDLE_IDENTIFIER = de.arsbrevis.YabaiIndicatorTests;
				PRODUCT_NAME = "$(TARGET_NAME)";
				SWIFT_EMIT_LOC_STRINGS = NO;
				SWIFT_VERSION = 5.0;
				TEST_HOST = "$(BUILT_PRODUCTS_DIR)/YabaiIndicator.app/Contents/MacOS/YabaiIndicator";
			};
			name = Debug;
		};
		506120922779212300E8F192 /* Release */ = {
			isa = XCBuildConfiguration;
			buildSettings = {
				ALWAYS_EMBED_SWIFT_STANDARD_LIBRARIES = YES;
				BUNDLE_LOADER = "$(TEST_HOST)";
				CODE_SIGN_STYLE = Automatic;
				CURRENT_PROJECT_VERSION = 1;
				DEVELOPMENT_TEAM = T3UD8QX5G4;
				GENERATE_INFOPLIST_FILE = YES;
				MACOSX_DEPLOYMENT_TARGET = 11.6;
				MARKETING_VERSION = 1.0;
				PRODUCT_BUNDLE_IDENTIFIER = de.arsbrevis.YabaiIndicatorTests;
				PRODUCT_NAME = "$(TARGET_NAME)";
				SWIFT_EMIT_LOC_STRINGS = NO;
				SWIFT_VERSION = 5.0;
				TEST_HOST = "$(BUILT_PRODUCTS_DIR)/YabaiIndicator.app/Contents/MacOS/YabaiIndicator";
			};
			name = Release;
		};
		506120942779212300E8F192 /* Debug */ = {
			isa = XCBuildConfiguration;
			buildSettings = {
				ALWAYS_EMBED_SWIFT_STANDARD_LIBRARIES = YES;
				CODE_SIGN_STYLE = Automatic;
				CURRENT_PROJECT_VERSION = 1;
				DEVELOPMENT_TEAM = T3UD8QX5G4;
				GENERATE_INFOPLIST_FILE = YES;
				MARKETING_VERSION = 1.0;
				PRODUCT_BUNDLE_IDENTIFIER = de.arsbrevis.YabaiIndicatorUITests;
				PRODUCT_NAME = "$(TARGET_NAME)";
				SWIFT_EMIT_LOC_STRINGS = NO;
				SWIFT_VERSION = 5.0;
				TEST_TARGET_NAME = YabaiIndicator;
			};
			name = Debug;
		};
		506120952779212300E8F192 /* Release */ = {
			isa = XCBuildConfiguration;
			buildSettings = {
				ALWAYS_EMBED_SWIFT_STANDARD_LIBRARIES = YES;
				CODE_SIGN_STYLE = Automatic;
				CURRENT_PROJECT_VERSION = 1;
				DEVELOPMENT_TEAM = T3UD8QX5G4;
				GENERATE_INFOPLIST_FILE = YES;
				MARKETING_VERSION = 1.0;
				PRODUCT_BUNDLE_IDENTIFIER = de.arsbrevis.YabaiIndicatorUITests;
				PRODUCT_NAME = "$(TARGET_NAME)";
				SWIFT_EMIT_LOC_STRINGS = NO;
				SWIFT_VERSION = 5.0;
				TEST_TARGET_NAME = YabaiIndicator;
			};
			name = Release;
		};
/* End XCBuildConfiguration section */

/* Begin XCConfigurationList section */
		506120632779212000E8F192 /* Build configuration list for PBXProject "YabaiIndicator" */ = {
			isa = XCConfigurationList;
			buildConfigurations = (
				5061208B2779212300E8F192 /* Debug */,
				5061208C2779212300E8F192 /* Release */,
			);
			defaultConfigurationIsVisible = 0;
			defaultConfigurationName = Release;
		};
		5061208D2779212300E8F192 /* Build configuration list for PBXNativeTarget "YabaiIndicator" */ = {
			isa = XCConfigurationList;
			buildConfigurations = (
				5061208E2779212300E8F192 /* Debug */,
				5061208F2779212300E8F192 /* Release */,
			);
			defaultConfigurationIsVisible = 0;
			defaultConfigurationName = Release;
		};
		506120902779212300E8F192 /* Build configuration list for PBXNativeTarget "YabaiIndicatorTests" */ = {
			isa = XCConfigurationList;
			buildConfigurations = (
				506120912779212300E8F192 /* Debug */,
				506120922779212300E8F192 /* Release */,
			);
			defaultConfigurationIsVisible = 0;
			defaultConfigurationName = Release;
		};
		506120932779212300E8F192 /* Build configuration list for PBXNativeTarget "YabaiIndicatorUITests" */ = {
			isa = XCConfigurationList;
			buildConfigurations = (
				506120942779212300E8F192 /* Debug */,
				506120952779212300E8F192 /* Release */,
			);
			defaultConfigurationIsVisible = 0;
			defaultConfigurationName = Release;
		};
/* End XCConfigurationList section */

/* Begin XCRemoteSwiftPackageReference section */
		506120B2277B44B200E8F192 /* XCRemoteSwiftPackageReference "BlueSocket" */ = {
			isa = XCRemoteSwiftPackageReference;
			repositoryURL = "https://github.com/Kitura/BlueSocket.git";
			requirement = {
				kind = upToNextMajorVersion;
				minimumVersion = 2.0.0;
			};
		};
/* End XCRemoteSwiftPackageReference section */

/* Begin XCSwiftPackageProductDependency section */
		506120B3277B44B200E8F192 /* Socket */ = {
			isa = XCSwiftPackageProductDependency;
			package = 506120B2277B44B200E8F192 /* XCRemoteSwiftPackageReference "BlueSocket" */;
			productName = Socket;
		};
/* End XCSwiftPackageProductDependency section */
	};
	rootObject = 506120602779212000E8F192 /* Project object */;
}
